// !$*UTF8*$!
{
	archiveVersion = 1;
	classes = {
	};
	objectVersion = 55;
	objects = {

/* Begin PBXBuildFile section */
		5E8356EA28A5E21700F11C55 /* debug.c in Sources */ = {isa = PBXBuildFile; fileRef = 5E8356DE28A5E21600F11C55 /* debug.c */; };
		5E8356EB28A5E21700F11C55 /* chunk.c in Sources */ = {isa = PBXBuildFile; fileRef = 5E8356E128A5E21600F11C55 /* chunk.c */; };
		5E8356ED28A5E21700F11C55 /* memory.c in Sources */ = {isa = PBXBuildFile; fileRef = 5E8356E328A5E21600F11C55 /* memory.c */; };
		5E8356EE28A5E21700F11C55 /* value.c in Sources */ = {isa = PBXBuildFile; fileRef = 5E8356E428A5E21600F11C55 /* value.c */; };
		5E8356EF28A5E21700F11C55 /* vm.c in Sources */ = {isa = PBXBuildFile; fileRef = 5E8356E828A5E21700F11C55 /* vm.c */; };
		5EF39D1D28A5FB5B00D50314 /* main.c in Sources */ = {isa = PBXBuildFile; fileRef = 5EF39D1C28A5FB5B00D50314 /* main.c */; };
		5EF39D2028A6015000D50314 /* compiler.c in Sources */ = {isa = PBXBuildFile; fileRef = 5EF39D1F28A6015000D50314 /* compiler.c */; };
		5EF39D2328A6023000D50314 /* scanner.c in Sources */ = {isa = PBXBuildFile; fileRef = 5EF39D2228A6023000D50314 /* scanner.c */; };
/* End PBXBuildFile section */

/* Begin PBXCopyFilesBuildPhase section */
		5E8356D228A5E20100F11C55 /* CopyFiles */ = {
			isa = PBXCopyFilesBuildPhase;
			buildActionMask = 2147483647;
			dstPath = /usr/share/man/man1/;
			dstSubfolderSpec = 0;
			files = (
			);
			runOnlyForDeploymentPostprocessing = 1;
		};
/* End PBXCopyFilesBuildPhase section */

/* Begin PBXFileReference section */
		5E8356D428A5E20100F11C55 /* c_lox */ = {isa = PBXFileReference; explicitFileType = "compiled.mach-o.executable"; includeInIndex = 0; path = c_lox; sourceTree = BUILT_PRODUCTS_DIR; };
		5E8356DE28A5E21600F11C55 /* debug.c */ = {isa = PBXFileReference; fileEncoding = 4; lastKnownFileType = sourcecode.c.c; path = debug.c; sourceTree = "<group>"; };
		5E8356DF28A5E21600F11C55 /* memory.h */ = {isa = PBXFileReference; fileEncoding = 4; lastKnownFileType = sourcecode.c.h; path = memory.h; sourceTree = "<group>"; };
		5E8356E028A5E21600F11C55 /* vm.h */ = {isa = PBXFileReference; fileEncoding = 4; lastKnownFileType = sourcecode.c.h; path = vm.h; sourceTree = "<group>"; };
		5E8356E128A5E21600F11C55 /* chunk.c */ = {isa = PBXFileReference; fileEncoding = 4; lastKnownFileType = sourcecode.c.c; path = chunk.c; sourceTree = "<group>"; };
		5E8356E328A5E21600F11C55 /* memory.c */ = {isa = PBXFileReference; fileEncoding = 4; lastKnownFileType = sourcecode.c.c; path = memory.c; sourceTree = "<group>"; };
		5E8356E428A5E21600F11C55 /* value.c */ = {isa = PBXFileReference; fileEncoding = 4; lastKnownFileType = sourcecode.c.c; path = value.c; sourceTree = "<group>"; };
		5E8356E528A5E21600F11C55 /* debug.h */ = {isa = PBXFileReference; fileEncoding = 4; lastKnownFileType = sourcecode.c.h; path = debug.h; sourceTree = "<group>"; };
		5E8356E628A5E21600F11C55 /* chunk.h */ = {isa = PBXFileReference; fileEncoding = 4; lastKnownFileType = sourcecode.c.h; path = chunk.h; sourceTree = "<group>"; };
		5E8356E728A5E21700F11C55 /* value.h */ = {isa = PBXFileReference; fileEncoding = 4; lastKnownFileType = sourcecode.c.h; path = value.h; sourceTree = "<group>"; };
		5E8356E828A5E21700F11C55 /* vm.c */ = {isa = PBXFileReference; fileEncoding = 4; lastKnownFileType = sourcecode.c.c; path = vm.c; sourceTree = "<group>"; };
		5E8356E928A5E21700F11C55 /* common.h */ = {isa = PBXFileReference; fileEncoding = 4; lastKnownFileType = sourcecode.c.h; path = common.h; sourceTree = "<group>"; };
		5EF39D1C28A5FB5B00D50314 /* main.c */ = {isa = PBXFileReference; lastKnownFileType = sourcecode.c.c; path = main.c; sourceTree = "<group>"; };
		5EF39D1E28A6015000D50314 /* compiler.h */ = {isa = PBXFileReference; lastKnownFileType = sourcecode.c.h; path = compiler.h; sourceTree = "<group>"; };
		5EF39D1F28A6015000D50314 /* compiler.c */ = {isa = PBXFileReference; lastKnownFileType = sourcecode.c.c; path = compiler.c; sourceTree = "<group>"; };
		5EF39D2128A6023000D50314 /* scanner.h */ = {isa = PBXFileReference; lastKnownFileType = sourcecode.c.h; path = scanner.h; sourceTree = "<group>"; };
		5EF39D2228A6023000D50314 /* scanner.c */ = {isa = PBXFileReference; lastKnownFileType = sourcecode.c.c; path = scanner.c; sourceTree = "<group>"; };
/* End PBXFileReference section */

/* Begin PBXFrameworksBuildPhase section */
		5E8356D128A5E20100F11C55 /* Frameworks */ = {
			isa = PBXFrameworksBuildPhase;
			buildActionMask = 2147483647;
			files = (
			);
			runOnlyForDeploymentPostprocessing = 0;
		};
/* End PBXFrameworksBuildPhase section */

/* Begin PBXGroup section */
		5E8356CB28A5E20100F11C55 = {
			isa = PBXGroup;
			children = (
				5E8356D628A5E20100F11C55 /* c_lox */,
				5E8356D528A5E20100F11C55 /* Products */,
			);
			sourceTree = "<group>";
		};
		5E8356D528A5E20100F11C55 /* Products */ = {
			isa = PBXGroup;
			children = (
				5E8356D428A5E20100F11C55 /* c_lox */,
			);
			name = Products;
			sourceTree = "<group>";
		};
		5E8356D628A5E20100F11C55 /* c_lox */ = {
			isa = PBXGroup;
			children = (
				5EF39D1C28A5FB5B00D50314 /* main.c */,
				5E8356E628A5E21600F11C55 /* chunk.h */,
				5E8356E128A5E21600F11C55 /* chunk.c */,
				5E8356E528A5E21600F11C55 /* debug.h */,
				5E8356DE28A5E21600F11C55 /* debug.c */,
				5E8356DF28A5E21600F11C55 /* memory.h */,
				5E8356E328A5E21600F11C55 /* memory.c */,
				5E8356E728A5E21700F11C55 /* value.h */,
				5E8356E428A5E21600F11C55 /* value.c */,
				5E8356E028A5E21600F11C55 /* vm.h */,
				5E8356E828A5E21700F11C55 /* vm.c */,
				5EF39D1E28A6015000D50314 /* compiler.h */,
				5EF39D1F28A6015000D50314 /* compiler.c */,
				5EF39D2128A6023000D50314 /* scanner.h */,
				5EF39D2228A6023000D50314 /* scanner.c */,
				5E8356E928A5E21700F11C55 /* common.h */,
			);
			path = c_lox;
			sourceTree = "<group>";
		};
/* End PBXGroup section */

/* Begin PBXNativeTarget section */
		5E8356D328A5E20100F11C55 /* c_lox */ = {
			isa = PBXNativeTarget;
			buildConfigurationList = 5E8356DB28A5E20100F11C55 /* Build configuration list for PBXNativeTarget "c_lox" */;
			buildPhases = (
				5E8356D028A5E20100F11C55 /* Sources */,
				5E8356D128A5E20100F11C55 /* Frameworks */,
				5E8356D228A5E20100F11C55 /* CopyFiles */,
			);
			buildRules = (
			);
			dependencies = (
			);
			name = c_lox;
			productName = c_lox;
			productReference = 5E8356D428A5E20100F11C55 /* c_lox */;
			productType = "com.apple.product-type.tool";
		};
/* End PBXNativeTarget section */

/* Begin PBXProject section */
		5E8356CC28A5E20100F11C55 /* Project object */ = {
			isa = PBXProject;
			attributes = {
				BuildIndependentTargetsInParallel = 1;
				LastUpgradeCheck = 1340;
				TargetAttributes = {
					5E8356D328A5E20100F11C55 = {
						CreatedOnToolsVersion = 13.4.1;
					};
				};
			};
			buildConfigurationList = 5E8356CF28A5E20100F11C55 /* Build configuration list for PBXProject "c_lox" */;
			compatibilityVersion = "Xcode 13.0";
			developmentRegion = en;
			hasScannedForEncodings = 0;
			knownRegions = (
				en,
				Base,
			);
			mainGroup = 5E8356CB28A5E20100F11C55;
			productRefGroup = 5E8356D528A5E20100F11C55 /* Products */;
			projectDirPath = "";
			projectRoot = "";
			targets = (
				5E8356D328A5E20100F11C55 /* c_lox */,
			);
		};
/* End PBXProject section */

/* Begin PBXSourcesBuildPhase section */
		5E8356D028A5E20100F11C55 /* Sources */ = {
			isa = PBXSourcesBuildPhase;
			buildActionMask = 2147483647;
			files = (
				5E8356EB28A5E21700F11C55 /* chunk.c in Sources */,
				5E8356ED28A5E21700F11C55 /* memory.c in Sources */,
				5E8356EE28A5E21700F11C55 /* value.c in Sources */,
				5E8356EA28A5E21700F11C55 /* debug.c in Sources */,
				5EF39D2328A6023000D50314 /* scanner.c in Sources */,
				5EF39D2028A6015000D50314 /* compiler.c in Sources */,
				5E8356EF28A5E21700F11C55 /* vm.c in Sources */,
				5EF39D1D28A5FB5B00D50314 /* main.c in Sources */,
			);
			runOnlyForDeploymentPostprocessing = 0;
		};
/* End PBXSourcesBuildPhase section */

/* Begin XCBuildConfiguration section */
		5E8356D928A5E20100F11C55 /* Debug */ = {
			isa = XCBuildConfiguration;
			buildSettings = {
				ALWAYS_SEARCH_USER_PATHS = NO;
				CLANG_ANALYZER_NONNULL = YES;
				CLANG_ANALYZER_NUMBER_OBJECT_CONVERSION = YES_AGGRESSIVE;
				CLANG_CXX_LANGUAGE_STANDARD = "gnu++17";
				CLANG_ENABLE_MODULES = YES;
				CLANG_ENABLE_OBJC_ARC = YES;
				CLANG_ENABLE_OBJC_WEAK = YES;
				CLANG_WARN_BLOCK_CAPTURE_AUTORELEASING = YES;
				CLANG_WARN_BOOL_CONVERSION = YES;
				CLANG_WARN_COMMA = YES;
				CLANG_WARN_CONSTANT_CONVERSION = YES;
				CLANG_WARN_DEPRECATED_OBJC_IMPLEMENTATIONS = YES;
				CLANG_WARN_DIRECT_OBJC_ISA_USAGE = YES_ERROR;
				CLANG_WARN_DOCUMENTATION_COMMENTS = YES;
				CLANG_WARN_EMPTY_BODY = YES;
				CLANG_WARN_ENUM_CONVERSION = YES;
				CLANG_WARN_INFINITE_RECURSION = YES;
				CLANG_WARN_INT_CONVERSION = YES;
				CLANG_WARN_NON_LITERAL_NULL_CONVERSION = YES;
				CLANG_WARN_OBJC_IMPLICIT_RETAIN_SELF = YES;
				CLANG_WARN_OBJC_LITERAL_CONVERSION = YES;
				CLANG_WARN_OBJC_ROOT_CLASS = YES_ERROR;
				CLANG_WARN_QUOTED_INCLUDE_IN_FRAMEWORK_HEADER = YES;
				CLANG_WARN_RANGE_LOOP_ANALYSIS = YES;
				CLANG_WARN_STRICT_PROTOTYPES = YES;
				CLANG_WARN_SUSPICIOUS_MOVE = YES;
				CLANG_WARN_UNGUARDED_AVAILABILITY = YES_AGGRESSIVE;
				CLANG_WARN_UNREACHABLE_CODE = YES;
				CLANG_WARN__DUPLICATE_METHOD_MATCH = YES;
				COPY_PHASE_STRIP = NO;
				DEBUG_INFORMATION_FORMAT = dwarf;
				ENABLE_STRICT_OBJC_MSGSEND = YES;
				ENABLE_TESTABILITY = YES;
				GCC_C_LANGUAGE_STANDARD = gnu11;
				GCC_DYNAMIC_NO_PIC = NO;
				GCC_NO_COMMON_BLOCKS = YES;
				GCC_OPTIMIZATION_LEVEL = 0;
				GCC_PREPROCESSOR_DEFINITIONS = (
					"DEBUG=1",
					"$(inherited)",
				);
				GCC_WARN_64_TO_32_BIT_CONVERSION = YES;
				GCC_WARN_ABOUT_RETURN_TYPE = YES_ERROR;
				GCC_WARN_UNDECLARED_SELECTOR = YES;
				GCC_WARN_UNINITIALIZED_AUTOS = YES_AGGRESSIVE;
				GCC_WARN_UNUSED_FUNCTION = YES;
				GCC_WARN_UNUSED_VARIABLE = YES;
				MACOSX_DEPLOYMENT_TARGET = 12.3;
				MTL_ENABLE_DEBUG_INFO = INCLUDE_SOURCE;
				MTL_FAST_MATH = YES;
				ONLY_ACTIVE_ARCH = YES;
				SDKROOT = macosx;
			};
			name = Debug;
		};
		5E8356DA28A5E20100F11C55 /* Release */ = {
			isa = XCBuildConfiguration;
			buildSettings = {
				ALWAYS_SEARCH_USER_PATHS = NO;
				CLANG_ANALYZER_NONNULL = YES;
				CLANG_ANALYZER_NUMBER_OBJECT_CONVERSION = YES_AGGRESSIVE;
				CLANG_CXX_LANGUAGE_STANDARD = "gnu++17";
				CLANG_ENABLE_MODULES = YES;
				CLANG_ENABLE_OBJC_ARC = YES;
				CLANG_ENABLE_OBJC_WEAK = YES;
				CLANG_WARN_BLOCK_CAPTURE_AUTORELEASING = YES;
				CLANG_WARN_BOOL_CONVERSION = YES;
				CLANG_WARN_COMMA = YES;
				CLANG_WARN_CONSTANT_CONVERSION = YES;
				CLANG_WARN_DEPRECATED_OBJC_IMPLEMENTATIONS = YES;
				CLANG_WARN_DIRECT_OBJC_ISA_USAGE = YES_ERROR;
				CLANG_WARN_DOCUMENTATION_COMMENTS = YES;
				CLANG_WARN_EMPTY_BODY = YES;
				CLANG_WARN_ENUM_CONVERSION = YES;
				CLANG_WARN_INFINITE_RECURSION = YES;
				CLANG_WARN_INT_CONVERSION = YES;
				CLANG_WARN_NON_LITERAL_NULL_CONVERSION = YES;
				CLANG_WARN_OBJC_IMPLICIT_RETAIN_SELF = YES;
				CLANG_WARN_OBJC_LITERAL_CONVERSION = YES;
				CLANG_WARN_OBJC_ROOT_CLASS = YES_ERROR;
				CLANG_WARN_QUOTED_INCLUDE_IN_FRAMEWORK_HEADER = YES;
				CLANG_WARN_RANGE_LOOP_ANALYSIS = YES;
				CLANG_WARN_STRICT_PROTOTYPES = YES;
				CLANG_WARN_SUSPICIOUS_MOVE = YES;
				CLANG_WARN_UNGUARDED_AVAILABILITY = YES_AGGRESSIVE;
				CLANG_WARN_UNREACHABLE_CODE = YES;
				CLANG_WARN__DUPLICATE_METHOD_MATCH = YES;
				COPY_PHASE_STRIP = NO;
				DEBUG_INFORMATION_FORMAT = "dwarf-with-dsym";
				ENABLE_NS_ASSERTIONS = NO;
				ENABLE_STRICT_OBJC_MSGSEND = YES;
				GCC_C_LANGUAGE_STANDARD = gnu11;
				GCC_NO_COMMON_BLOCKS = YES;
				GCC_WARN_64_TO_32_BIT_CONVERSION = YES;
				GCC_WARN_ABOUT_RETURN_TYPE = YES_ERROR;
				GCC_WARN_UNDECLARED_SELECTOR = YES;
				GCC_WARN_UNINITIALIZED_AUTOS = YES_AGGRESSIVE;
				GCC_WARN_UNUSED_FUNCTION = YES;
				GCC_WARN_UNUSED_VARIABLE = YES;
				MACOSX_DEPLOYMENT_TARGET = 12.3;
				MTL_ENABLE_DEBUG_INFO = NO;
				MTL_FAST_MATH = YES;
				SDKROOT = macosx;
			};
			name = Release;
		};
		5E8356DC28A5E20100F11C55 /* Debug */ = {
			isa = XCBuildConfiguration;
			buildSettings = {
				CODE_SIGN_STYLE = Automatic;
				DEVELOPMENT_TEAM = G3Q4R66M4R;
				ENABLE_HARDENED_RUNTIME = YES;
				PRODUCT_NAME = "$(TARGET_NAME)";
			};
			name = Debug;
		};
		5E8356DD28A5E20100F11C55 /* Release */ = {
			isa = XCBuildConfiguration;
			buildSettings = {
				CODE_SIGN_STYLE = Automatic;
				DEVELOPMENT_TEAM = G3Q4R66M4R;
				ENABLE_HARDENED_RUNTIME = YES;
				PRODUCT_NAME = "$(TARGET_NAME)";
			};
			name = Release;
		};
/* End XCBuildConfiguration section */

/* Begin XCConfigurationList section */
		5E8356CF28A5E20100F11C55 /* Build configuration list for PBXProject "c_lox" */ = {
			isa = XCConfigurationList;
			buildConfigurations = (
				5E8356D928A5E20100F11C55 /* Debug */,
				5E8356DA28A5E20100F11C55 /* Release */,
			);
			defaultConfigurationIsVisible = 0;
			defaultConfigurationName = Release;
		};
		5E8356DB28A5E20100F11C55 /* Build configuration list for PBXNativeTarget "c_lox" */ = {
			isa = XCConfigurationList;
			buildConfigurations = (
				5E8356DC28A5E20100F11C55 /* Debug */,
				5E8356DD28A5E20100F11C55 /* Release */,
			);
			defaultConfigurationIsVisible = 0;
			defaultConfigurationName = Release;
		};
/* End XCConfigurationList section */
	};
	rootObject = 5E8356CC28A5E20100F11C55 /* Project object */;
}
